
Microsoft Visual Studio Solution File, Format Version 11.00
# Visual Studio 2010
Project("{FAE04EC0-301F-11D3-BF4B-00C04F79EFBC}") = "Assembly-CSharp", "Assembly-CSharp.csproj", "{f70a8a21-aa25-b06b-1d00-3f63271bd655}"
EndProject
Project("{FAE04EC0-301F-11D3-BF4B-00C04F79EFBC}") = "Assembly-CSharp-Editor", "Assembly-CSharp-Editor.csproj", "{06869aea-a78f-e974-d0ea-cd50d8f0b4f6}"
EndProject
Global
	GlobalSection(SolutionConfigurationPlatforms) = preSolution
		Debug|Any CPU = Debug|Any CPU
	EndGlobalSection
	GlobalSection(ProjectConfigurationPlatforms) = postSolution
		{f70a8a21-aa25-b06b-1d00-3f63271bd655}.Debug|Any CPU.ActiveCfg = Debug|Any CPU
		{f70a8a21-aa25-b06b-1d00-3f63271bd655}.Debug|Any CPU.Build.0 = Debug|Any CPU
		{06869aea-a78f-e974-d0ea-cd50d8f0b4f6}.Debug|Any CPU.ActiveCfg = Debug|Any CPU
		{06869aea-a78f-e974-d0ea-cd50d8f0b4f6}.Debug|Any CPU.Build.0 = Debug|Any CPU
	EndGlobalSection
	GlobalSection(SolutionProperties) = preSolution
		HideSolutionNode = FALSE
	EndGlobalSection
EndGlobal
